
Microsoft Visual Studio Solution File, Format Version 12.00
# Visual Studio Version 16
VisualStudioVersion = 16.0.30611.23
MinimumVisualStudioVersion = 10.0.40219.1
Project("{FAE04EC0-301F-11D3-BF4B-00C04F79EFBC}") = "Colosseum.Android", "Colosseum.Android\Colosseum.Android.csproj", "{95D425D0-2A54-4E8E-B4B8-A1A278FB4A2D}"
EndProject
Project("{FAE04EC0-301F-11D3-BF4B-00C04F79EFBC}") = "Colosseum.iOS", "Colosseum.iOS\Colosseum.iOS.csproj", "{A5F61D72-4CB0-4082-BD7D-31785B5F1B37}"
EndProject
Project("{9A19103F-16F7-4668-BE54-9A1E7A4F7556}") = "Colosseum", "Colosseum\Colosseum.csproj", "{679BE81B-1FF9-4563-9EC7-EB5462CC0358}"
EndProject
Project("{FAE04EC0-301F-11D3-BF4B-00C04F79EFBC}") = "ColosseumSecret", "ColosseumSecret\ColosseumSecret.csproj", "{9C901354-743E-4AE3-AB40-9582243C19C3}"
EndProject
Global
	GlobalSection(SolutionConfigurationPlatforms) = preSolution
		Debug|Any CPU = Debug|Any CPU
		Debug|iPhone = Debug|iPhone
		Debug|iPhoneSimulator = Debug|iPhoneSimulator
		Release|Any CPU = Release|Any CPU
		Release|iPhone = Release|iPhone
		Release|iPhoneSimulator = Release|iPhoneSimulator
	EndGlobalSection
	GlobalSection(ProjectConfigurationPlatforms) = postSolution
		{95D425D0-2A54-4E8E-B4B8-A1A278FB4A2D}.Debug|Any CPU.ActiveCfg = Debug|Any CPU
		{95D425D0-2A54-4E8E-B4B8-A1A278FB4A2D}.Debug|Any CPU.Build.0 = Debug|Any CPU
		{95D425D0-2A54-4E8E-B4B8-A1A278FB4A2D}.Debug|Any CPU.Deploy.0 = Debug|Any CPU
		{95D425D0-2A54-4E8E-B4B8-A1A278FB4A2D}.Debug|iPhone.ActiveCfg = Debug|Any CPU
		{95D425D0-2A54-4E8E-B4B8-A1A278FB4A2D}.Debug|iPhone.Build.0 = Debug|Any CPU
		{95D425D0-2A54-4E8E-B4B8-A1A278FB4A2D}.Debug|iPhone.Deploy.0 = Debug|Any CPU
		{95D425D0-2A54-4E8E-B4B8-A1A278FB4A2D}.Debug|iPhoneSimulator.ActiveCfg = Debug|Any CPU
		{95D425D0-2A54-4E8E-B4B8-A1A278FB4A2D}.Debug|iPhoneSimulator.Build.0 = Debug|Any CPU
		{95D425D0-2A54-4E8E-B4B8-A1A278FB4A2D}.Debug|iPhoneSimulator.Deploy.0 = Debug|Any CPU
		{95D425D0-2A54-4E8E-B4B8-A1A278FB4A2D}.Release|Any CPU.ActiveCfg = Release|Any CPU
		{95D425D0-2A54-4E8E-B4B8-A1A278FB4A2D}.Release|Any CPU.Build.0 = Release|Any CPU
		{95D425D0-2A54-4E8E-B4B8-A1A278FB4A2D}.Release|Any CPU.Deploy.0 = Release|Any CPU
		{95D425D0-2A54-4E8E-B4B8-A1A278FB4A2D}.Release|iPhone.ActiveCfg = Release|Any CPU
		{95D425D0-2A54-4E8E-B4B8-A1A278FB4A2D}.Release|iPhone.Build.0 = Release|Any CPU
		{95D425D0-2A54-4E8E-B4B8-A1A278FB4A2D}.Release|iPhone.Deploy.0 = Release|Any CPU
		{95D425D0-2A54-4E8E-B4B8-A1A278FB4A2D}.Release|iPhoneSimulator.ActiveCfg = Release|Any CPU
		{95D425D0-2A54-4E8E-B4B8-A1A278FB4A2D}.Release|iPhoneSimulator.Build.0 = Release|Any CPU
		{95D425D0-2A54-4E8E-B4B8-A1A278FB4A2D}.Release|iPhoneSimulator.Deploy.0 = Release|Any CPU
		{A5F61D72-4CB0-4082-BD7D-31785B5F1B37}.Debug|Any CPU.ActiveCfg = Debug|iPhone
		{A5F61D72-4CB0-4082-BD7D-31785B5F1B37}.Debug|Any CPU.Build.0 = Debug|iPhone
		{A5F61D72-4CB0-4082-BD7D-31785B5F1B37}.Debug|Any CPU.Deploy.0 = Debug|iPhone
		{A5F61D72-4CB0-4082-BD7D-31785B5F1B37}.Debug|iPhone.ActiveCfg = Debug|iPhone
		{A5F61D72-4CB0-4082-BD7D-31785B5F1B37}.Debug|iPhone.Build.0 = Debug|iPhone
		{A5F61D72-4CB0-4082-BD7D-31785B5F1B37}.Debug|iPhone.Deploy.0 = Debug|iPhone
		{A5F61D72-4CB0-4082-BD7D-31785B5F1B37}.Debug|iPhoneSimulator.ActiveCfg = Debug|iPhoneSimulator
		{A5F61D72-4CB0-4082-BD7D-31785B5F1B37}.Debug|iPhoneSimulator.Build.0 = Debug|iPhoneSimulator
		{A5F61D72-4CB0-4082-BD7D-31785B5F1B37}.Debug|iPhoneSimulator.Deploy.0 = Debug|iPhoneSimulator
		{A5F61D72-4CB0-4082-BD7D-31785B5F1B37}.Release|Any CPU.ActiveCfg = Release|iPhoneSimulator
		{A5F61D72-4CB0-4082-BD7D-31785B5F1B37}.Release|Any CPU.Build.0 = Release|iPhoneSimulator
		{A5F61D72-4CB0-4082-BD7D-31785B5F1B37}.Release|Any CPU.Deploy.0 = Release|iPhoneSimulator
		{A5F61D72-4CB0-4082-BD7D-31785B5F1B37}.Release|iPhone.ActiveCfg = Release|iPhone
		{A5F61D72-4CB0-4082-BD7D-31785B5F1B37}.Release|iPhone.Build.0 = Release|iPhone
		{A5F61D72-4CB0-4082-BD7D-31785B5F1B37}.Release|iPhone.Deploy.0 = Release|iPhone
		{A5F61D72-4CB0-4082-BD7D-31785B5F1B37}.Release|iPhoneSimulator.ActiveCfg = Release|iPhoneSimulator
		{A5F61D72-4CB0-4082-BD7D-31785B5F1B37}.Release|iPhoneSimulator.Build.0 = Release|iPhoneSimulator
		{A5F61D72-4CB0-4082-BD7D-31785B5F1B37}.Release|iPhoneSimulator.Deploy.0 = Release|iPhoneSimulator
		{679BE81B-1FF9-4563-9EC7-EB5462CC0358}.Debug|Any CPU.ActiveCfg = Debug|Any CPU
		{679BE81B-1FF9-4563-9EC7-EB5462CC0358}.Debug|Any CPU.Build.0 = Debug|Any CPU
		{679BE81B-1FF9-4563-9EC7-EB5462CC0358}.Debug|Any CPU.Deploy.0 = Debug|Any CPU
		{679BE81B-1FF9-4563-9EC7-EB5462CC0358}.Debug|iPhone.ActiveCfg = Debug|Any CPU
		{679BE81B-1FF9-4563-9EC7-EB5462CC0358}.Debug|iPhone.Build.0 = Debug|Any CPU
		{679BE81B-1FF9-4563-9EC7-EB5462CC0358}.Debug|iPhone.Deploy.0 = Debug|Any CPU
		{679BE81B-1FF9-4563-9EC7-EB5462CC0358}.Debug|iPhoneSimulator.ActiveCfg = Debug|Any CPU
		{679BE81B-1FF9-4563-9EC7-EB5462CC0358}.Debug|iPhoneSimulator.Build.0 = Debug|Any CPU
		{679BE81B-1FF9-4563-9EC7-EB5462CC0358}.Debug|iPhoneSimulator.Deploy.0 = Debug|Any CPU
		{679BE81B-1FF9-4563-9EC7-EB5462CC0358}.Release|Any CPU.ActiveCfg = Release|Any CPU
		{679BE81B-1FF9-4563-9EC7-EB5462CC0358}.Release|Any CPU.Build.0 = Release|Any CPU
		{679BE81B-1FF9-4563-9EC7-EB5462CC0358}.Release|Any CPU.Deploy.0 = Release|Any CPU
		{679BE81B-1FF9-4563-9EC7-EB5462CC0358}.Release|iPhone.ActiveCfg = Release|Any CPU
		{679BE81B-1FF9-4563-9EC7-EB5462CC0358}.Release|iPhone.Build.0 = Release|Any CPU
		{679BE81B-1FF9-4563-9EC7-EB5462CC0358}.Release|iPhone.Deploy.0 = Release|Any CPU
		{679BE81B-1FF9-4563-9EC7-EB5462CC0358}.Release|iPhoneSimulator.ActiveCfg = Release|Any CPU
		{679BE81B-1FF9-4563-9EC7-EB5462CC0358}.Release|iPhoneSimulator.Build.0 = Release|Any CPU
		{679BE81B-1FF9-4563-9EC7-EB5462CC0358}.Release|iPhoneSimulator.Deploy.0 = Release|Any CPU
		{9C901354-743E-4AE3-AB40-9582243C19C3}.Debug|Any CPU.ActiveCfg = Debug|Any CPU
		{9C901354-743E-4AE3-AB40-9582243C19C3}.Debug|Any CPU.Build.0 = Debug|Any CPU
		{9C901354-743E-4AE3-AB40-9582243C19C3}.Debug|iPhone.ActiveCfg = Debug|Any CPU
		{9C901354-743E-4AE3-AB40-9582243C19C3}.Debug|iPhone.Build.0 = Debug|Any CPU
		{9C901354-743E-4AE3-AB40-9582243C19C3}.Debug|iPhoneSimulator.ActiveCfg = Debug|Any CPU
		{9C901354-743E-4AE3-AB40-9582243C19C3}.Debug|iPhoneSimulator.Build.0 = Debug|Any CPU
		{9C901354-743E-4AE3-AB40-9582243C19C3}.Release|Any CPU.ActiveCfg = Release|Any CPU
		{9C901354-743E-4AE3-AB40-9582243C19C3}.Release|Any CPU.Build.0 = Release|Any CPU
		{9C901354-743E-4AE3-AB40-9582243C19C3}.Release|iPhone.ActiveCfg = Release|Any CPU
		{9C901354-743E-4AE3-AB40-9582243C19C3}.Release|iPhone.Build.0 = Release|Any CPU
		{9C901354-743E-4AE3-AB40-9582243C19C3}.Release|iPhoneSimulator.ActiveCfg = Release|Any CPU
		{9C901354-743E-4AE3-AB40-9582243C19C3}.Release|iPhoneSimulator.Build.0 = Release|Any CPU
	EndGlobalSection
	GlobalSection(SolutionProperties) = preSolution
		HideSolutionNode = FALSE
	EndGlobalSection
	GlobalSection(ExtensibilityGlobals) = postSolution
		SolutionGuid = {48CE1FEB-EE96-4688-83C2-74E8E602F5F5}
	EndGlobalSection
EndGlobal
